
Microsoft Visual Studio Solution File, Format Version 12.00
# Visual Studio 15
VisualStudioVersion = 15.0.28307.645
MinimumVisualStudioVersion = 10.0.40219.1
Project("{FAE04EC0-301F-11D3-BF4B-00C04F79EFBC}") = "SymbolicLinksManager", "SymbolicLinksManager\SymbolicLinksManager.csproj", "{A196C48B-B299-4D4A-8EAD-E45306ADEA4B}"
EndProject
Global
	GlobalSection(SolutionConfigurationPlatforms) = preSolution
		Debug|Any CPU = Debug|Any CPU
		Release|Any CPU = Release|Any CPU
	EndGlobalSection
	GlobalSection(ProjectConfigurationPlatforms) = postSolution
		{A196C48B-B299-4D4A-8EAD-E45306ADEA4B}.Debug|Any CPU.ActiveCfg = Debug|Any CPU
		{A196C48B-B299-4D4A-8EAD-E45306ADEA4B}.Debug|Any CPU.Build.0 = Debug|Any CPU
		{A196C48B-B299-4D4A-8EAD-E45306ADEA4B}.Release|Any CPU.ActiveCfg = Release|Any CPU
		{A196C48B-B299-4D4A-8EAD-E45306ADEA4B}.Release|Any CPU.Build.0 = Release|Any CPU
	EndGlobalSection
	GlobalSection(SolutionProperties) = preSolution
		HideSolutionNode = FALSE
	EndGlobalSection
	GlobalSection(ExtensibilityGlobals) = postSolution
		SolutionGuid = {67BE964E-846E-4337-996B-EEA30EEE2BC2}
	EndGlobalSection
EndGlobal
